// !$*UTF8*$!
{
	archiveVersion = 1;
	classes = {
	};
	objectVersion = 46;
	objects = {

/* Begin PBXBuildFile section */
		84D7E4F31D33729500814B2E /* AppDelegate.swift in Sources */ = {isa = PBXBuildFile; fileRef = 84D7E4F21D33729500814B2E /* AppDelegate.swift */; };
		84D7E4F51D33729500814B2E /* ViewController.swift in Sources */ = {isa = PBXBuildFile; fileRef = 84D7E4F41D33729500814B2E /* ViewController.swift */; };
		84D7E4F81D33729500814B2E /* Main.storyboard in Resources */ = {isa = PBXBuildFile; fileRef = 84D7E4F61D33729500814B2E /* Main.storyboard */; };
		84D7E4FA1D33729500814B2E /* Assets.xcassets in Resources */ = {isa = PBXBuildFile; fileRef = 84D7E4F91D33729500814B2E /* Assets.xcassets */; };
		84D7E4FD1D33729500814B2E /* LaunchScreen.storyboard in Resources */ = {isa = PBXBuildFile; fileRef = 84D7E4FB1D33729500814B2E /* LaunchScreen.storyboard */; };
		84D7E5081D33729500814B2E /* Color_Maker_SliderTests.swift in Sources */ = {isa = PBXBuildFile; fileRef = 84D7E5071D33729500814B2E /* Color_Maker_SliderTests.swift */; };
		84D7E5131D33729500814B2E /* Color_Maker_SliderUITests.swift in Sources */ = {isa = PBXBuildFile; fileRef = 84D7E5121D33729500814B2E /* Color_Maker_SliderUITests.swift */; };
/* End PBXBuildFile section */

/* Begin PBXContainerItemProxy section */
		84D7E5041D33729500814B2E /* PBXContainerItemProxy */ = {
			isa = PBXContainerItemProxy;
			containerPortal = 84D7E4E71D33729500814B2E /* Project object */;
			proxyType = 1;
			remoteGlobalIDString = 84D7E4EE1D33729500814B2E;
			remoteInfo = "Color Maker Slider";
		};
		84D7E50F1D33729500814B2E /* PBXContainerItemProxy */ = {
			isa = PBXContainerItemProxy;
			containerPortal = 84D7E4E71D33729500814B2E /* Project object */;
			proxyType = 1;
			remoteGlobalIDString = 84D7E4EE1D33729500814B2E;
			remoteInfo = "Color Maker Slider";
		};
/* End PBXContainerItemProxy section */

/* Begin PBXFileReference section */
		84D7E4EF1D33729500814B2E /* Color Maker Slider.app */ = {isa = PBXFileReference; explicitFileType = wrapper.application; includeInIndex = 0; path = "Color Maker Slider.app"; sourceTree = BUILT_PRODUCTS_DIR; };
		84D7E4F21D33729500814B2E /* AppDelegate.swift */ = {isa = PBXFileReference; lastKnownFileType = sourcecode.swift; path = AppDelegate.swift; sourceTree = "<group>"; };
		84D7E4F41D33729500814B2E /* ViewController.swift */ = {isa = PBXFileReference; lastKnownFileType = sourcecode.swift; path = ViewController.swift; sourceTree = "<group>"; };
		84D7E4F71D33729500814B2E /* Base */ = {isa = PBXFileReference; lastKnownFileType = file.storyboard; name = Base; path = Base.lproj/Main.storyboard; sourceTree = "<group>"; };
		84D7E4F91D33729500814B2E /* Assets.xcassets */ = {isa = PBXFileReference; lastKnownFileType = folder.assetcatalog; path = Assets.xcassets; sourceTree = "<group>"; };
		84D7E4FC1D33729500814B2E /* Base */ = {isa = PBXFileReference; lastKnownFileType = file.storyboard; name = Base; path = Base.lproj/LaunchScreen.storyboard; sourceTree = "<group>"; };
		84D7E4FE1D33729500814B2E /* Info.plist */ = {isa = PBXFileReference; lastKnownFileType = text.plist.xml; path = Info.plist; sourceTree = "<group>"; };
		84D7E5031D33729500814B2E /* Color Maker SliderTests.xctest */ = {isa = PBXFileReference; explicitFileType = wrapper.cfbundle; includeInIndex = 0; path = "Color Maker SliderTests.xctest"; sourceTree = BUILT_PRODUCTS_DIR; };
		84D7E5071D33729500814B2E /* Color_Maker_SliderTests.swift */ = {isa = PBXFileReference; lastKnownFileType = sourcecode.swift; path = Color_Maker_SliderTests.swift; sourceTree = "<group>"; };
		84D7E5091D33729500814B2E /* Info.plist */ = {isa = PBXFileReference; lastKnownFileType = text.plist.xml; path = Info.plist; sourceTree = "<group>"; };
		84D7E50E1D33729500814B2E /* Color Maker SliderUITests.xctest */ = {isa = PBXFileReference; explicitFileType = wrapper.cfbundle; includeInIndex = 0; path = "Color Maker SliderUITests.xctest"; sourceTree = BUILT_PRODUCTS_DIR; };
		84D7E5121D33729500814B2E /* Color_Maker_SliderUITests.swift */ = {isa = PBXFileReference; lastKnownFileType = sourcecode.swift; path = Color_Maker_SliderUITests.swift; sourceTree = "<group>"; };
		84D7E5141D33729500814B2E /* Info.plist */ = {isa = PBXFileReference; lastKnownFileType = text.plist.xml; path = Info.plist; sourceTree = "<group>"; };
/* End PBXFileReference section */

/* Begin PBXFrameworksBuildPhase section */
		84D7E4EC1D33729500814B2E /* Frameworks */ = {
			isa = PBXFrameworksBuildPhase;
			buildActionMask = 2147483647;
			files = (
			);
			runOnlyForDeploymentPostprocessing = 0;
		};
		84D7E5001D33729500814B2E /* Frameworks */ = {
			isa = PBXFrameworksBuildPhase;
			buildActionMask = 2147483647;
			files = (
			);
			runOnlyForDeploymentPostprocessing = 0;
		};
		84D7E50B1D33729500814B2E /* Frameworks */ = {
			isa = PBXFrameworksBuildPhase;
			buildActionMask = 2147483647;
			files = (
			);
			runOnlyForDeploymentPostprocessing = 0;
		};
/* End PBXFrameworksBuildPhase section */

/* Begin PBXGroup section */
		84D7E4E61D33729500814B2E = {
			isa = PBXGroup;
			children = (
				84D7E4F11D33729500814B2E /* Color Maker Slider */,
				84D7E5061D33729500814B2E /* Color Maker SliderTests */,
				84D7E5111D33729500814B2E /* Color Maker SliderUITests */,
				84D7E4F01D33729500814B2E /* Products */,
			);
			sourceTree = "<group>";
		};
		84D7E4F01D33729500814B2E /* Products */ = {
			isa = PBXGroup;
			children = (
				84D7E4EF1D33729500814B2E /* Color Maker Slider.app */,
				84D7E5031D33729500814B2E /* Color Maker SliderTests.xctest */,
				84D7E50E1D33729500814B2E /* Color Maker SliderUITests.xctest */,
			);
			name = Products;
			sourceTree = "<group>";
		};
		84D7E4F11D33729500814B2E /* Color Maker Slider */ = {
			isa = PBXGroup;
			children = (
				84D7E4F21D33729500814B2E /* AppDelegate.swift */,
				84D7E4F41D33729500814B2E /* ViewController.swift */,
				84D7E4F61D33729500814B2E /* Main.storyboard */,
				84D7E4F91D33729500814B2E /* Assets.xcassets */,
				84D7E4FB1D33729500814B2E /* LaunchScreen.storyboard */,
				84D7E4FE1D33729500814B2E /* Info.plist */,
			);
			path = "Color Maker Slider";
			sourceTree = "<group>";
		};
		84D7E5061D33729500814B2E /* Color Maker SliderTests */ = {
			isa = PBXGroup;
			children = (
				84D7E5071D33729500814B2E /* Color_Maker_SliderTests.swift */,
				84D7E5091D33729500814B2E /* Info.plist */,
			);
			path = "Color Maker SliderTests";
			sourceTree = "<group>";
		};
		84D7E5111D33729500814B2E /* Color Maker SliderUITests */ = {
			isa = PBXGroup;
			children = (
				84D7E5121D33729500814B2E /* Color_Maker_SliderUITests.swift */,
				84D7E5141D33729500814B2E /* Info.plist */,
			);
			path = "Color Maker SliderUITests";
			sourceTree = "<group>";
		};
/* End PBXGroup section */

/* Begin PBXNativeTarget section */
		84D7E4EE1D33729500814B2E /* Color Maker Slider */ = {
			isa = PBXNativeTarget;
			buildConfigurationList = 84D7E5171D33729500814B2E /* Build configuration list for PBXNativeTarget "Color Maker Slider" */;
			buildPhases = (
				84D7E4EB1D33729500814B2E /* Sources */,
				84D7E4EC1D33729500814B2E /* Frameworks */,
				84D7E4ED1D33729500814B2E /* Resources */,
			);
			buildRules = (
			);
			dependencies = (
			);
			name = "Color Maker Slider";
			productName = "Color Maker Slider";
			productReference = 84D7E4EF1D33729500814B2E /* Color Maker Slider.app */;
			productType = "com.apple.product-type.application";
		};
		84D7E5021D33729500814B2E /* Color Maker SliderTests */ = {
			isa = PBXNativeTarget;
			buildConfigurationList = 84D7E51A1D33729500814B2E /* Build configuration list for PBXNativeTarget "Color Maker SliderTests" */;
			buildPhases = (
				84D7E4FF1D33729500814B2E /* Sources */,
				84D7E5001D33729500814B2E /* Frameworks */,
				84D7E5011D33729500814B2E /* Resources */,
			);
			buildRules = (
			);
			dependencies = (
				84D7E5051D33729500814B2E /* PBXTargetDependency */,
			);
			name = "Color Maker SliderTests";
			productName = "Color Maker SliderTests";
			productReference = 84D7E5031D33729500814B2E /* Color Maker SliderTests.xctest */;
			productType = "com.apple.product-type.bundle.unit-test";
		};
		84D7E50D1D33729500814B2E /* Color Maker SliderUITests */ = {
			isa = PBXNativeTarget;
			buildConfigurationList = 84D7E51D1D33729500814B2E /* Build configuration list for PBXNativeTarget "Color Maker SliderUITests" */;
			buildPhases = (
				84D7E50A1D33729500814B2E /* Sources */,
				84D7E50B1D33729500814B2E /* Frameworks */,
				84D7E50C1D33729500814B2E /* Resources */,
			);
			buildRules = (
			);
			dependencies = (
				84D7E5101D33729500814B2E /* PBXTargetDependency */,
			);
			name = "Color Maker SliderUITests";
			productName = "Color Maker SliderUITests";
			productReference = 84D7E50E1D33729500814B2E /* Color Maker SliderUITests.xctest */;
			productType = "com.apple.product-type.bundle.ui-testing";
		};
/* End PBXNativeTarget section */

/* Begin PBXProject section */
		84D7E4E71D33729500814B2E /* Project object */ = {
			isa = PBXProject;
			attributes = {
				LastSwiftUpdateCheck = 0730;
				LastUpgradeCheck = 0730;
				ORGANIZATIONNAME = "CJ Gaspari";
				TargetAttributes = {
					84D7E4EE1D33729500814B2E = {
						CreatedOnToolsVersion = 7.3.1;
					};
					84D7E5021D33729500814B2E = {
						CreatedOnToolsVersion = 7.3.1;
						TestTargetID = 84D7E4EE1D33729500814B2E;
					};
					84D7E50D1D33729500814B2E = {
						CreatedOnToolsVersion = 7.3.1;
						TestTargetID = 84D7E4EE1D33729500814B2E;
					};
				};
			};
			buildConfigurationList = 84D7E4EA1D33729500814B2E /* Build configuration list for PBXProject "Color Maker Slider" */;
			compatibilityVersion = "Xcode 3.2";
			developmentRegion = English;
			hasScannedForEncodings = 0;
			knownRegions = (
				en,
				Base,
			);
			mainGroup = 84D7E4E61D33729500814B2E;
			productRefGroup = 84D7E4F01D33729500814B2E /* Products */;
			projectDirPath = "";
			projectRoot = "";
			targets = (
				84D7E4EE1D33729500814B2E /* Color Maker Slider */,
				84D7E5021D33729500814B2E /* Color Maker SliderTests */,
				84D7E50D1D33729500814B2E /* Color Maker SliderUITests */,
			);
		};
/* End PBXProject section */

/* Begin PBXResourcesBuildPhase section */
		84D7E4ED1D33729500814B2E /* Resources */ = {
			isa = PBXResourcesBuildPhase;
			buildActionMask = 2147483647;
			files = (
				84D7E4FD1D33729500814B2E /* LaunchScreen.storyboard in Resources */,
				84D7E4FA1D33729500814B2E /* Assets.xcassets in Resources */,
				84D7E4F81D33729500814B2E /* Main.storyboard in Resources */,
			);
			runOnlyForDeploymentPostprocessing = 0;
		};
		84D7E5011D33729500814B2E /* Resources */ = {
			isa = PBXResourcesBuildPhase;
			buildActionMask = 2147483647;
			files = (
			);
			runOnlyForDeploymentPostprocessing = 0;
		};
		84D7E50C1D33729500814B2E /* Resources */ = {
			isa = PBXResourcesBuildPhase;
			buildActionMask = 2147483647;
			files = (
			);
			runOnlyForDeploymentPostprocessing = 0;
		};
/* End PBXResourcesBuildPhase section */

/* Begin PBXSourcesBuildPhase section */
		84D7E4EB1D33729500814B2E /* Sources */ = {
			isa = PBXSourcesBuildPhase;
			buildActionMask = 2147483647;
			files = (
				84D7E4F51D33729500814B2E /* ViewController.swift in Sources */,
				84D7E4F31D33729500814B2E /* AppDelegate.swift in Sources */,
			);
			runOnlyForDeploymentPostprocessing = 0;
		};
		84D7E4FF1D33729500814B2E /* Sources */ = {
			isa = PBXSourcesBuildPhase;
			buildActionMask = 2147483647;
			files = (
				84D7E5081D33729500814B2E /* Color_Maker_SliderTests.swift in Sources */,
			);
			runOnlyForDeploymentPostprocessing = 0;
		};
		84D7E50A1D33729500814B2E /* Sources */ = {
			isa = PBXSourcesBuildPhase;
			buildActionMask = 2147483647;
			files = (
				84D7E5131D33729500814B2E /* Color_Maker_SliderUITests.swift in Sources */,
			);
			runOnlyForDeploymentPostprocessing = 0;
		};
/* End PBXSourcesBuildPhase section */

/* Begin PBXTargetDependency section */
		84D7E5051D33729500814B2E /* PBXTargetDependency */ = {
			isa = PBXTargetDependency;
			target = 84D7E4EE1D33729500814B2E /* Color Maker Slider */;
			targetProxy = 84D7E5041D33729500814B2E /* PBXContainerItemProxy */;
		};
		84D7E5101D33729500814B2E /* PBXTargetDependency */ = {
			isa = PBXTargetDependency;
			target = 84D7E4EE1D33729500814B2E /* Color Maker Slider */;
			targetProxy = 84D7E50F1D33729500814B2E /* PBXContainerItemProxy */;
		};
/* End PBXTargetDependency section */

/* Begin PBXVariantGroup section */
		84D7E4F61D33729500814B2E /* Main.storyboard */ = {
			isa = PBXVariantGroup;
			children = (
				84D7E4F71D33729500814B2E /* Base */,
			);
			name = Main.storyboard;
			sourceTree = "<group>";
		};
		84D7E4FB1D33729500814B2E /* LaunchScreen.storyboard */ = {
			isa = PBXVariantGroup;
			children = (
				84D7E4FC1D33729500814B2E /* Base */,
			);
			name = LaunchScreen.storyboard;
			sourceTree = "<group>";
		};
/* End PBXVariantGroup section */

/* Begin XCBuildConfiguration section */
		84D7E5151D33729500814B2E /* Debug */ = {
			isa = XCBuildConfiguration;
			buildSettings = {
				ALWAYS_SEARCH_USER_PATHS = NO;
				CLANG_ANALYZER_NONNULL = YES;
				CLANG_CXX_LANGUAGE_STANDARD = "gnu++0x";
				CLANG_CXX_LIBRARY = "libc++";
				CLANG_ENABLE_MODULES = YES;
				CLANG_ENABLE_OBJC_ARC = YES;
				CLANG_WARN_BOOL_CONVERSION = YES;
				CLANG_WARN_CONSTANT_CONVERSION = YES;
				CLANG_WARN_DIRECT_OBJC_ISA_USAGE = YES_ERROR;
				CLANG_WARN_EMPTY_BODY = YES;
				CLANG_WARN_ENUM_CONVERSION = YES;
				CLANG_WARN_INT_CONVERSION = YES;
				CLANG_WARN_OBJC_ROOT_CLASS = YES_ERROR;
				CLANG_WARN_UNREACHABLE_CODE = YES;
				CLANG_WARN__DUPLICATE_METHOD_MATCH = YES;
				"CODE_SIGN_IDENTITY[sdk=iphoneos*]" = "iPhone Developer";
				COPY_PHASE_STRIP = NO;
				DEBUG_INFORMATION_FORMAT = dwarf;
				ENABLE_STRICT_OBJC_MSGSEND = YES;
				ENABLE_TESTABILITY = YES;
				GCC_C_LANGUAGE_STANDARD = gnu99;
				GCC_DYNAMIC_NO_PIC = NO;
				GCC_NO_COMMON_BLOCKS = YES;
				GCC_OPTIMIZATION_LEVEL = 0;
				GCC_PREPROCESSOR_DEFINITIONS = (
					"DEBUG=1",
					"$(inherited)",
				);
				GCC_WARN_64_TO_32_BIT_CONVERSION = YES;
				GCC_WARN_ABOUT_RETURN_TYPE = YES_ERROR;
				GCC_WARN_UNDECLARED_SELECTOR = YES;
				GCC_WARN_UNINITIALIZED_AUTOS = YES_AGGRESSIVE;
				GCC_WARN_UNUSED_FUNCTION = YES;
				GCC_WARN_UNUSED_VARIABLE = YES;
				IPHONEOS_DEPLOYMENT_TARGET = 9.3;
				MTL_ENABLE_DEBUG_INFO = YES;
				ONLY_ACTIVE_ARCH = YES;
				SDKROOT = iphoneos;
				SWIFT_OPTIMIZATION_LEVEL = "-Onone";
				TARGETED_DEVICE_FAMILY = "1,2";
			};
			name = Debug;
		};
		84D7E5161D33729500814B2E /* Release */ = {
			isa = XCBuildConfiguration;
			buildSettings = {
				ALWAYS_SEARCH_USER_PATHS = NO;
				CLANG_ANALYZER_NONNULL = YES;
				CLANG_CXX_LANGUAGE_STANDARD = "gnu++0x";
				CLANG_CXX_LIBRARY = "libc++";
				CLANG_ENABLE_MODULES = YES;
				CLANG_ENABLE_OBJC_ARC = YES;
				CLANG_WARN_BOOL_CONVERSION = YES;
				CLANG_WARN_CONSTANT_CONVERSION = YES;
				CLANG_WARN_DIRECT_OBJC_ISA_USAGE = YES_ERROR;
				CLANG_WARN_EMPTY_BODY = YES;
				CLANG_WARN_ENUM_CONVERSION = YES;
				CLANG_WARN_INT_CONVERSION = YES;
				CLANG_WARN_OBJC_ROOT_CLASS = YES_ERROR;
				CLANG_WARN_UNREACHABLE_CODE = YES;
				CLANG_WARN__DUPLICATE_METHOD_MATCH = YES;
				"CODE_SIGN_IDENTITY[sdk=iphoneos*]" = "iPhone Developer";
				COPY_PHASE_STRIP = NO;
				DEBUG_INFORMATION_FORMAT = "dwarf-with-dsym";
				ENABLE_NS_ASSERTIONS = NO;
				ENABLE_STRICT_OBJC_MSGSEND = YES;
				GCC_C_LANGUAGE_STANDARD = gnu99;
				GCC_NO_COMMON_BLOCKS = YES;
				GCC_WARN_64_TO_32_BIT_CONVERSION = YES;
				GCC_WARN_ABOUT_RETURN_TYPE = YES_ERROR;
				GCC_WARN_UNDECLARED_SELECTOR = YES;
				GCC_WARN_UNINITIALIZED_AUTOS = YES_AGGRESSIVE;
				GCC_WARN_UNUSED_FUNCTION = YES;
				GCC_WARN_UNUSED_VARIABLE = YES;
				IPHONEOS_DEPLOYMENT_TARGET = 9.3;
				MTL_ENABLE_DEBUG_INFO = NO;
				SDKROOT = iphoneos;
				TARGETED_DEVICE_FAMILY = "1,2";
				VALIDATE_PRODUCT = YES;
			};
			name = Release;
		};
		84D7E5181D33729500814B2E /* Debug */ = {
			isa = XCBuildConfiguration;
			buildSettings = {
				ASSETCATALOG_COMPILER_APPICON_NAME = AppIcon;
				INFOPLIST_FILE = "Color Maker Slider/Info.plist";
				LD_RUNPATH_SEARCH_PATHS = "$(inherited) @executable_path/Frameworks";
				PRODUCT_BUNDLE_IDENTIFIER = "com.cjgaspari.Color-Maker-Slider";
				PRODUCT_NAME = "$(TARGET_NAME)";
			};
			name = Debug;
		};
		84D7E5191D33729500814B2E /* Release */ = {
			isa = XCBuildConfiguration;
			buildSettings = {
				ASSETCATALOG_COMPILER_APPICON_NAME = AppIcon;
				INFOPLIST_FILE = "Color Maker Slider/Info.plist";
				LD_RUNPATH_SEARCH_PATHS = "$(inherited) @executable_path/Frameworks";
				PRODUCT_BUNDLE_IDENTIFIER = "com.cjgaspari.Color-Maker-Slider";
				PRODUCT_NAME = "$(TARGET_NAME)";
			};
			name = Release;
		};
		84D7E51B1D33729500814B2E /* Debug */ = {
			isa = XCBuildConfiguration;
			buildSettings = {
				BUNDLE_LOADER = "$(TEST_HOST)";
				INFOPLIST_FILE = "Color Maker SliderTests/Info.plist";
				LD_RUNPATH_SEARCH_PATHS = "$(inherited) @executable_path/Frameworks @loader_path/Frameworks";
				PRODUCT_BUNDLE_IDENTIFIER = "com.cjgaspari.Color-Maker-SliderTests";
				PRODUCT_NAME = "$(TARGET_NAME)";
				TEST_HOST = "$(BUILT_PRODUCTS_DIR)/Color Maker Slider.app/Color Maker Slider";
			};
			name = Debug;
		};
		84D7E51C1D33729500814B2E /* Release */ = {
			isa = XCBuildConfiguration;
			buildSettings = {
				BUNDLE_LOADER = "$(TEST_HOST)";
				INFOPLIST_FILE = "Color Maker SliderTests/Info.plist";
				LD_RUNPATH_SEARCH_PATHS = "$(inherited) @executable_path/Frameworks @loader_path/Frameworks";
				PRODUCT_BUNDLE_IDENTIFIER = "com.cjgaspari.Color-Maker-SliderTests";
				PRODUCT_NAME = "$(TARGET_NAME)";
				TEST_HOST = "$(BUILT_PRODUCTS_DIR)/Color Maker Slider.app/Color Maker Slider";
			};
			name = Release;
		};
		84D7E51E1D33729500814B2E /* Debug */ = {
			isa = XCBuildConfiguration;
			buildSettings = {
				INFOPLIST_FILE = "Color Maker SliderUITests/Info.plist";
				LD_RUNPATH_SEARCH_PATHS = "$(inherited) @executable_path/Frameworks @loader_path/Frameworks";
				PRODUCT_BUNDLE_IDENTIFIER = "com.cjgaspari.Color-Maker-SliderUITests";
				PRODUCT_NAME = "$(TARGET_NAME)";
				TEST_TARGET_NAME = "Color Maker Slider";
			};
			name = Debug;
		};
		84D7E51F1D33729500814B2E /* Release */ = {
			isa = XCBuildConfiguration;
			buildSettings = {
				INFOPLIST_FILE = "Color Maker SliderUITests/Info.plist";
				LD_RUNPATH_SEARCH_PATHS = "$(inherited) @executable_path/Frameworks @loader_path/Frameworks";
				PRODUCT_BUNDLE_IDENTIFIER = "com.cjgaspari.Color-Maker-SliderUITests";
				PRODUCT_NAME = "$(TARGET_NAME)";
				TEST_TARGET_NAME = "Color Maker Slider";
			};
			name = Release;
		};
/* End XCBuildConfiguration section */

/* Begin XCConfigurationList section */
		84D7E4EA1D33729500814B2E /* Build configuration list for PBXProject "Color Maker Slider" */ = {
			isa = XCConfigurationList;
			buildConfigurations = (
				84D7E5151D33729500814B2E /* Debug */,
				84D7E5161D33729500814B2E /* Release */,
			);
			defaultConfigurationIsVisible = 0;
			defaultConfigurationName = Release;
		};
		84D7E5171D33729500814B2E /* Build configuration list for PBXNativeTarget "Color Maker Slider" */ = {
			isa = XCConfigurationList;
			buildConfigurations = (
				84D7E5181D33729500814B2E /* Debug */,
				84D7E5191D33729500814B2E /* Release */,
			);
			defaultConfigurationIsVisible = 0;
		};
		84D7E51A1D33729500814B2E /* Build configuration list for PBXNativeTarget "Color Maker SliderTests" */ = {
			isa = XCConfigurationList;
			buildConfigurations = (
				84D7E51B1D33729500814B2E /* Debug */,
				84D7E51C1D33729500814B2E /* Release */,
			);
			defaultConfigurationIsVisible = 0;
		};
		84D7E51D1D33729500814B2E /* Build configuration list for PBXNativeTarget "Color Maker SliderUITests" */ = {
			isa = XCConfigurationList;
			buildConfigurations = (
				84D7E51E1D33729500814B2E /* Debug */,
				84D7E51F1D33729500814B2E /* Release */,
			);
			defaultConfigurationIsVisible = 0;
		};
/* End XCConfigurationList section */
	};
	rootObject = 84D7E4E71D33729500814B2E /* Project object */;
}
